
Microsoft Visual Studio Solution File, Format Version 12.00
# Visual Studio Version 17
VisualStudioVersion = 17.9.34701.34
MinimumVisualStudioVersion = 10.0.40219.1
Project("{8BC9CEB8-8B4A-11D0-8D11-00A0C91BC942}") = "Bank-Management-System", "Bank-Management-System.vcxproj", "{A7CB49DC-A08C-4A86-B1AC-0C7ED90D54D4}"
EndProject
Global
	GlobalSection(SolutionConfigurationPlatforms) = preSolution
		Debug|x64 = Debug|x64
		Debug|x86 = Debug|x86
		Release|x64 = Release|x64
		Release|x86 = Release|x86
	EndGlobalSection
	GlobalSection(ProjectConfigurationPlatforms) = postSolution
		{A7CB49DC-A08C-4A86-B1AC-0C7ED90D54D4}.Debug|x64.ActiveCfg = Debug|x64
		{A7CB49DC-A08C-4A86-B1AC-0C7ED90D54D4}.Debug|x64.Build.0 = Debug|x64
		{A7CB49DC-A08C-4A86-B1AC-0C7ED90D54D4}.Debug|x86.ActiveCfg = Debug|Win32
		{A7CB49DC-A08C-4A86-B1AC-0C7ED90D54D4}.Debug|x86.Build.0 = Debug|Win32
		{A7CB49DC-A08C-4A86-B1AC-0C7ED90D54D4}.Release|x64.ActiveCfg = Release|x64
		{A7CB49DC-A08C-4A86-B1AC-0C7ED90D54D4}.Release|x64.Build.0 = Release|x64
		{A7CB49DC-A08C-4A86-B1AC-0C7ED90D54D4}.Release|x86.ActiveCfg = Release|Win32
		{A7CB49DC-A08C-4A86-B1AC-0C7ED90D54D4}.Release|x86.Build.0 = Release|Win32
	EndGlobalSection
	GlobalSection(SolutionProperties) = preSolution
		HideSolutionNode = FALSE
	EndGlobalSection
	GlobalSection(ExtensibilityGlobals) = postSolution
		SolutionGuid = {C85EFA2A-7927-4364-8EAC-50861B8AE991}
	EndGlobalSection
EndGlobal
